{
  "name": "basica11y",
  "version": "1.0.0",
  "lockfileVersion": 2,
  "requires": true,
  "packages": {
    "": {
      "name": "basica11y",
      "version": "1.0.0",
      "workspaces": [
        "./docs"
      ]
    },
    "docs": {
      "name": "@basica11y/docs",
      "version": "1.0.0",
      "license": "CC-BY-SA-4.0"
    },
    "node_modules/@basica11y/docs": {
      "resolved": "docs",
      "link": true
    }
  },
  "dependencies": {
    "@basica11y/docs": {
      "version": "file:docs"
    }
  }
}
